{
  "version": 4,
  "terraform_version": "1.4.4",
  "serial": 42,
  "lineage": "1b5f8ebe-92b9-ac34-2715-9328d3a5655f",
  "outputs": {
    "sa_private_key": {
      "value": "ewogICJ0eXBlIjogInNlcnZpY2VfYWNjb3VudCIsCiAgInByb2plY3RfaWQiOiAiZGUtcHJvamVjdC0yMzA0MTkiLAogICJwcml2YXRlX2tleV9pZCI6ICI1NDk5Zjc2OTM4ZTEwNzc1ZGEwODcxMjI1ZmM1OWJjMDVlYjUxZjEyIiwKICAicHJpdmF0ZV9rZXkiOiAiLS0tLS1CRUdJTiBQUklWQVRFIEtFWS0tLS0tXG5NSUlFdXdJQkFEQU5CZ2txaGtpRzl3MEJBUUVGQUFTQ0JLVXdnZ1NoQWdFQUFvSUJBUUN2cmNSL09HYnNjMWxTXG5yVXVnRW5sTXVMTThpT0hURmo1bWVQa0NKZnZUaVVoSFZKN2U1bVdRZ0E1SHp1dWl4MHlhZ091REdVZzg4L2FmXG5GUG56VHlMRmxvWCt1dm56aVl3d3RxdjlnYUdEUVpvMEgvcVdtYnExbitHSGdudHByYThvQjNnLzNZNTZLRzE4XG5nSmRqRE1KVU9PU0RwbHgvMUVUaC9qY2pvU2N2Tk96K2tyb1gwU24zS083cE51VG9BVU9iOG5Vc1VXS0grWEZEXG5EWTh4VHJ0YlY5U29zVlBTdHBFSTJ1RmVPd24zNmUwZzE3UG80OVluVEZueFRhNEwwcXFPK2hjMUFqdkRSb1VsXG5NRy9hbzAyWks0T0RTbVA0NFNOdjAyaGdhcTRlWVZ2U1g4MmpmUWZNdFk4NjgrS1lzd1Zrb3Fobi85OFRzdUxSXG5rUVZPNUFLUkFnTUJBQUVDZ2Y5ZnJZWkc3eDh6SmhVeFpWcE8zT2xDWUd6bDYvUkFwT3l0RnJQRHdyZmhlVFpsXG5COTkwZHhJODJyY2lPcFZwOHJjY2F4VWNaL3ZwM3RZKzByT3dKL0tSV3RsR0R2a2F2dm13QkJCQTFCTDdKczlwXG4rczRnSkxsM3dKSkl3cVVYZVE2bUc5M2cvcnNReXdtMFZxSG1mbC9OdG1mRXlBNTFPOVNPMS9OSkRuQ24rVU1PXG5LR1B6T0Vna0M4U1NKZ0xvRDMwWW9McnFVMlZCQVNYMnIyL2NmVnVaWUF1Sk1mVzRISmFqd1o2ODhrRnl4RnFzXG5nd2pzSmJ6QWg4Sml1VkhkKzVUK0YxWXNYbEw4c0NKUEZscE92ZHpFNi9ON043QnZsbDF1Y3V6Z0hMUWJLWGJmXG4rVWNxNzh1dFpnNVZwQXIrclNJTTVCZDc5S2JmUElzazl4Ujh6U0VDZ1lFQTNwT0FXem1jRFV6SVdiRWJwWVF3XG5TUmpjOUhnLzlWU0hLa0Y4UGFTaVcvTE9kVm81QXZXUFpkTTR4OHQ0bzlxY1BjSTlVZDlyQVhLZjcrODBkV2p3XG41Sjh1YVB5THFRM0lRNzc5MVBRMnJvOENMNTAzZzhXdnpRdXhXbllaVDNlSkZSQnVvZEozczFEaktPT3FENmdGXG4zOG5PSDhMTk9xZVFlenY3WmdOM3YvRUNnWUVBeWc5amt0a3lmbVlkNXJyb2xjeE9tMjgvSERTR0xKMkF2MHRkXG55YWhOTVZZUzRoSG02RjVIOENHTHRkZFNxcTNubXZxUUhsUnhSWVdZdUtnZCtsbGFTaUp1RjZOWlJ6MkRUTWNpXG55cS93dnRaNFZkN2tCb1RqT0pSOTRjS2FlZTZKbEpMMDhYUUMzZHRHa2pKNGFzTldUbkp2QzJ1WDAzczZTbFFVXG5BdUhsREtFQ2dZQVh6QTk2TVhPazNHUERhek00aENTaGZCNExxVnUxUUQ5ZlhqY0paRFBUdnVjaUZ1NW5pWmUyXG5YRm9DeXBkd2RXd2xFa0o2SVhnUVpKQURHRUUwbUc3QkV0L2thN1FHOUNsSVRRQllwMis5UkI4SXRqZDhTRU9lXG5tYlJ4cHBUWU1VQ2YxdXp0TWxLSUFvcjNFVGhhaWkxdW11WUY4VTcrQ1hKaUtxeWJZSjJLRVFLQmdEalNody8rXG40SUpIT1ZWdmJvVGh4YUZVY1l6L0FGUi9ubnN0T0p6REphSWdNSU0rd1k3TEpMUFUyek14OEY5ck5GeVM1Z0NCXG5nckVvVnNCbkZyY1dkWnV2ZndKS3Y0cVhNOXRkak4wdkNTYkJyV21JbXR0eWQydXI1cEtjWlZDdzBpUGtCOW4yXG40Kzk4QUthUVp1aXZNaEF4Z2lUV0J3WkQreXAzNW9EQkFlYkJBb0dCQU5CRjVQMGF2U1JCdUFvT08zaHlRcUlEXG5zbGh1RlZUS3QzV1pHT01tdnpOaC9ZRHpNY01qZ0RTRDMyTGdYbzBLMHRhcHV5aHZMSnRDRzRGcjVRUkdxb0lsXG5oVTBoQmpFQUdzOUx0Sm1nWlRTUGFGaTZiV1NRK3lrdHJ0SWp2bjRTYmdPYWs1U29zT1RMN3ZmWDE4K0dYVEdhXG5XS0dyWTJqaTZPVTQvK3A1M0tvdVxuLS0tLS1FTkQgUFJJVkFURSBLRVktLS0tLVxuIiwKICAiY2xpZW50X2VtYWlsIjogInNhLWRlLXByb2plY3RAZGUtcHJvamVjdC0yMzA0MTkuaWFtLmdzZXJ2aWNlYWNjb3VudC5jb20iLAogICJjbGllbnRfaWQiOiAiMTA3ODEwMjIwNjkwMTU5NTY4OTQ2IiwKICAiYXV0aF91cmkiOiAiaHR0cHM6Ly9hY2NvdW50cy5nb29nbGUuY29tL28vb2F1dGgyL2F1dGgiLAogICJ0b2tlbl91cmkiOiAiaHR0cHM6Ly9vYXV0aDIuZ29vZ2xlYXBpcy5jb20vdG9rZW4iLAogICJhdXRoX3Byb3ZpZGVyX3g1MDlfY2VydF91cmwiOiAiaHR0cHM6Ly93d3cuZ29vZ2xlYXBpcy5jb20vb2F1dGgyL3YxL2NlcnRzIiwKICAiY2xpZW50X3g1MDlfY2VydF91cmwiOiAiaHR0cHM6Ly93d3cuZ29vZ2xlYXBpcy5jb20vcm9ib3QvdjEvbWV0YWRhdGEveDUwOS9zYS1kZS1wcm9qZWN0JTQwZGUtcHJvamVjdC0yMzA0MTkuaWFtLmdzZXJ2aWNlYWNjb3VudC5jb20iCn0K",
      "type": "string",
      "sensitive": true
    }
  },
  "resources": [
    {
      "mode": "data",
      "type": "google_client_openid_userinfo",
      "name": "me",
      "provider": "provider[\"registry.terraform.io/hashicorp/google\"]",
      "instances": [
        {
          "schema_version": 0,
          "attributes": {
            "email": "samanthamak125@gmail.com",
            "id": "samanthamak125@gmail.com"
          },
          "sensitive_attributes": []
        }
      ]
    },
    {
      "mode": "managed",
      "type": "google_bigquery_dataset",
      "name": "raw_gcs_data",
      "provider": "provider[\"registry.terraform.io/hashicorp/google\"]",
      "instances": [
        {
          "schema_version": 0,
          "attributes": {
            "access": [
              {
                "domain": "",
                "group_by_email": "",
                "role": "OWNER",
                "special_group": "",
                "user_by_email": "samanthamak125@gmail.com",
                "view": []
              },
              {
                "domain": "",
                "group_by_email": "",
                "role": "OWNER",
                "special_group": "projectOwners",
                "user_by_email": "",
                "view": []
              },
              {
                "domain": "",
                "group_by_email": "",
                "role": "READER",
                "special_group": "projectReaders",
                "user_by_email": "",
                "view": []
              },
              {
                "domain": "",
                "group_by_email": "",
                "role": "WRITER",
                "special_group": "projectWriters",
                "user_by_email": "",
                "view": []
              }
            ],
            "creation_time": 1682591247318,
            "dataset_id": "raw_parking_tickets",
            "default_encryption_configuration": [],
            "default_partition_expiration_ms": 0,
            "default_table_expiration_ms": 0,
            "delete_contents_on_destroy": false,
            "description": "data from gcs",
            "etag": "g9PrOHFAJc15OLG1iQ20Kg==",
            "friendly_name": "",
            "id": "projects/de-project-230419/datasets/raw_parking_tickets",
            "labels": null,
            "last_modified_time": 1682591247318,
            "location": "asia-east1",
            "project": "de-project-230419",
            "self_link": "https://bigquery.googleapis.com/bigquery/v2/projects/de-project-230419/datasets/raw_parking_tickets",
            "timeouts": null
          },
          "sensitive_attributes": [],
          "private": "eyJlMmJmYjczMC1lY2FhLTExZTYtOGY4OC0zNDM2M2JjN2M0YzAiOnsiY3JlYXRlIjoyNDAwMDAwMDAwMDAsImRlbGV0ZSI6MjQwMDAwMDAwMDAwLCJ1cGRhdGUiOjI0MDAwMDAwMDAwMH19"
        }
      ]
    },
    {
      "mode": "managed",
      "type": "google_compute_address",
      "name": "static_ip",
      "provider": "provider[\"registry.terraform.io/hashicorp/google\"]",
      "instances": [
        {
          "schema_version": 0,
          "attributes": {
            "address": "35.229.156.77",
            "address_type": "EXTERNAL",
            "creation_timestamp": "2023-04-19T03:43:01.023-07:00",
            "description": "",
            "id": "projects/de-project-230419/regions/asia-east1/addresses/static-de-project",
            "name": "static-de-project",
            "network": "",
            "network_tier": "PREMIUM",
            "prefix_length": 0,
            "project": "de-project-230419",
            "purpose": "",
            "region": "asia-east1",
            "self_link": "https://www.googleapis.com/compute/v1/projects/de-project-230419/regions/asia-east1/addresses/static-de-project",
            "subnetwork": "",
            "timeouts": null,
            "users": [
              "https://www.googleapis.com/compute/v1/projects/de-project-230419/zones/asia-east1-b/instances/vm-de-project"
            ]
          },
          "sensitive_attributes": [],
          "private": "eyJlMmJmYjczMC1lY2FhLTExZTYtOGY4OC0zNDM2M2JjN2M0YzAiOnsiY3JlYXRlIjoyNDAwMDAwMDAwMDAsImRlbGV0ZSI6MjQwMDAwMDAwMDAwfX0="
        }
      ]
    },
    {
      "mode": "managed",
      "type": "google_compute_firewall",
      "name": "allow_ssh",
      "provider": "provider[\"registry.terraform.io/hashicorp/google\"]",
      "instances": [
        {
          "schema_version": 1,
          "attributes": {
            "allow": [
              {
                "ports": [
                  "22",
                  "4200"
                ],
                "protocol": "tcp"
              }
            ],
            "creation_timestamp": "2023-04-19T03:43:51.912-07:00",
            "deny": [],
            "description": "",
            "destination_ranges": [],
            "direction": "INGRESS",
            "disabled": false,
            "enable_logging": null,
            "id": "projects/de-project-230419/global/firewalls/allow-ssh",
            "log_config": [],
            "name": "allow-ssh",
            "network": "https://www.googleapis.com/compute/v1/projects/de-project-230419/global/networks/vpc-de-project",
            "priority": 1000,
            "project": "de-project-230419",
            "self_link": "https://www.googleapis.com/compute/v1/projects/de-project-230419/global/firewalls/allow-ssh",
            "source_ranges": [
              "0.0.0.0/0"
            ],
            "source_service_accounts": [],
            "source_tags": [],
            "target_service_accounts": [],
            "target_tags": [
              "allow-ssh"
            ],
            "timeouts": null
          },
          "sensitive_attributes": [],
          "private": "eyJlMmJmYjczMC1lY2FhLTExZTYtOGY4OC0zNDM2M2JjN2M0YzAiOnsiY3JlYXRlIjoyNDAwMDAwMDAwMDAsImRlbGV0ZSI6MjQwMDAwMDAwMDAwLCJ1cGRhdGUiOjI0MDAwMDAwMDAwMH0sInNjaGVtYV92ZXJzaW9uIjoiMSJ9",
          "dependencies": [
            "google_compute_network.vpc_network"
          ]
        }
      ]
    },
    {
      "mode": "managed",
      "type": "google_compute_instance",
      "name": "default",
      "provider": "provider[\"registry.terraform.io/hashicorp/google\"]",
      "instances": [
        {
          "schema_version": 6,
          "attributes": {
            "advanced_machine_features": [],
            "allow_stopping_for_update": true,
            "attached_disk": [],
            "boot_disk": [
              {
                "auto_delete": true,
                "device_name": "persistent-disk-0",
                "disk_encryption_key_raw": "",
                "disk_encryption_key_sha256": "",
                "initialize_params": [
                  {
                    "image": "https://www.googleapis.com/compute/v1/projects/ubuntu-os-cloud/global/images/ubuntu-2004-focal-v20230302",
                    "labels": {},
                    "size": 30,
                    "type": "pd-standard"
                  }
                ],
                "kms_key_self_link": "",
                "mode": "READ_WRITE",
                "source": "https://www.googleapis.com/compute/v1/projects/de-project-230419/zones/asia-east1-b/disks/vm-de-project"
              }
            ],
            "can_ip_forward": false,
            "confidential_instance_config": [],
            "cpu_platform": "Intel Broadwell",
            "current_status": "RUNNING",
            "deletion_protection": false,
            "description": "",
            "desired_status": null,
            "enable_display": false,
            "guest_accelerator": [],
            "hostname": "",
            "id": "projects/de-project-230419/zones/asia-east1-b/instances/vm-de-project",
            "instance_id": "2522252477220420359",
            "label_fingerprint": "42WmSpB8rSM=",
            "labels": {},
            "machine_type": "e2-standard-4",
            "metadata": {
              "ssh-keys": "samanthamak125:ssh-rsa AAAAB3NzaC1yc2EAAAADAQABAAACAQDCdxyIB/vhRzsbDKrRQQ+x4xp3L4CHfioTgZhPQwEnn+fOJFuU+esCkUUk2GJNaV/pp7LiuYXiIuvBAbKKKphqc/ZbpEdxFOZ+Wjz+ibKcmvvngBm40sBmGtGvExgH0aZ2B2eCY68sddE+zthTNdEXQ32/H9cNdlkTb9U4ZT3oKRUlbmFEFkf1we/JnC5zn1wy6PbxFVKpp5s2wJN7x6oMjtkCincXMj0kc6a4Nmm7FHi3DEmiqRu4KC4rw/O5oS3r0BHXaetHdgBVpRls7HTB9USX2k2hrsHb0GJdnTQ9CBtmkd5IS1jG4PxtzwNHwpM715kmdwOG/bgl//I6ZUbfc3iFtegJG+bGdGoFtWQ0BoSbBVm0ZM7bnJvWe7yskfXL4TzFOYoRVXMb5qbFbidtaa2Yql6jjEyTORk8I195H5bnhFnBbk8NQZqL4UFVD0jILOQ4yWfFmd0AA+FNPkcnIQSuzsiVTX1HseABllMCCcRi3cIYhdYTxLgP0kWx3nQct9augGvzJlbuLjngg+oU5GJYE/d2uoZABW+DwHT6MGFm1EgtkzD8nAqrvXahX+fjApXMj0WgPssOYUjqgjrUQhmWOs5B8C7u7adq2O00CE8HTwWWBFlghC2dMP5cZpXVqy5bjn0VLsInIr+qX5qLrjgZZ+cGbOvrnPpdYOh/uw==\n"
            },
            "metadata_fingerprint": "Z52r2pxc6E8=",
            "metadata_startup_script": null,
            "min_cpu_platform": "",
            "name": "vm-de-project",
            "network_interface": [
              {
                "access_config": [
                  {
                    "nat_ip": "35.229.156.77",
                    "network_tier": "PREMIUM",
                    "public_ptr_domain_name": ""
                  }
                ],
                "alias_ip_range": [],
                "ipv6_access_config": [],
                "ipv6_access_type": "",
                "name": "nic0",
                "network": "https://www.googleapis.com/compute/v1/projects/de-project-230419/global/networks/vpc-de-project",
                "network_ip": "10.140.0.2",
                "nic_type": "",
                "queue_count": 0,
                "stack_type": "IPV4_ONLY",
                "subnetwork": "https://www.googleapis.com/compute/v1/projects/de-project-230419/regions/asia-east1/subnetworks/vpc-de-project",
                "subnetwork_project": "de-project-230419"
              }
            ],
            "project": "de-project-230419",
            "reservation_affinity": [],
            "resource_policies": [],
            "scheduling": [
              {
                "automatic_restart": true,
                "min_node_cpus": 0,
                "node_affinities": [],
                "on_host_maintenance": "MIGRATE",
                "preemptible": false
              }
            ],
            "scratch_disk": [],
            "self_link": "https://www.googleapis.com/compute/v1/projects/de-project-230419/zones/asia-east1-b/instances/vm-de-project",
            "service_account": [
              {
                "email": "sa-de-project@de-project-230419.iam.gserviceaccount.com",
                "scopes": [
                  "https://www.googleapis.com/auth/cloud-platform"
                ]
              }
            ],
            "shielded_instance_config": [
              {
                "enable_integrity_monitoring": true,
                "enable_secure_boot": false,
                "enable_vtpm": true
              }
            ],
            "tags": [
              "allow-ssh",
              "http-server",
              "https-server"
            ],
            "tags_fingerprint": "AjBareu59_s=",
            "timeouts": null,
            "zone": "asia-east1-b"
          },
          "sensitive_attributes": [],
          "private": "eyJlMmJmYjczMC1lY2FhLTExZTYtOGY4OC0zNDM2M2JjN2M0YzAiOnsiY3JlYXRlIjoxMjAwMDAwMDAwMDAwLCJkZWxldGUiOjEyMDAwMDAwMDAwMDAsInVwZGF0ZSI6MTIwMDAwMDAwMDAwMH0sInNjaGVtYV92ZXJzaW9uIjoiNiJ9",
          "dependencies": [
            "data.google_client_openid_userinfo.me",
            "google_compute_address.static_ip",
            "google_compute_network.vpc_network",
            "google_service_account.service_account",
            "tls_private_key.ssh"
          ]
        }
      ]
    },
    {
      "mode": "managed",
      "type": "google_compute_network",
      "name": "vpc_network",
      "provider": "provider[\"registry.terraform.io/hashicorp/google\"]",
      "instances": [
        {
          "schema_version": 0,
          "attributes": {
            "auto_create_subnetworks": true,
            "delete_default_routes_on_create": false,
            "description": "",
            "gateway_ipv4": "",
            "id": "projects/de-project-230419/global/networks/vpc-de-project",
            "mtu": 0,
            "name": "vpc-de-project",
            "project": "de-project-230419",
            "routing_mode": "REGIONAL",
            "self_link": "https://www.googleapis.com/compute/v1/projects/de-project-230419/global/networks/vpc-de-project",
            "timeouts": null
          },
          "sensitive_attributes": [],
          "private": "eyJlMmJmYjczMC1lY2FhLTExZTYtOGY4OC0zNDM2M2JjN2M0YzAiOnsiY3JlYXRlIjoyNDAwMDAwMDAwMDAsImRlbGV0ZSI6MjQwMDAwMDAwMDAwLCJ1cGRhdGUiOjI0MDAwMDAwMDAwMH19"
        }
      ]
    },
    {
      "mode": "managed",
      "type": "google_dataproc_cluster",
      "name": "cluster",
      "provider": "provider[\"registry.terraform.io/hashicorp/google\"]",
      "instances": [
        {
          "schema_version": 0,
          "attributes": {
            "cluster_config": [
              {
                "autoscaling_config": [],
                "bucket": "dataproc-staging-asia-east1-435369870700-xu75nz9v",
                "encryption_config": [],
                "gce_cluster_config": [
                  {
                    "internal_ip_only": false,
                    "metadata": {},
                    "network": "https://www.googleapis.com/compute/v1/projects/de-project-230419/global/networks/vpc-de-project",
                    "service_account": "",
                    "service_account_scopes": [
                      "https://www.googleapis.com/auth/bigquery",
                      "https://www.googleapis.com/auth/bigtable.admin.table",
                      "https://www.googleapis.com/auth/bigtable.data",
                      "https://www.googleapis.com/auth/cloud.useraccounts.readonly",
                      "https://www.googleapis.com/auth/devstorage.full_control",
                      "https://www.googleapis.com/auth/devstorage.read_write",
                      "https://www.googleapis.com/auth/logging.write"
                    ],
                    "shielded_instance_config": [],
                    "subnetwork": "",
                    "tags": [],
                    "zone": "asia-east1-b"
                  }
                ],
                "initialization_action": [],
                "master_config": [
                  {
                    "accelerators": [],
                    "disk_config": [
                      {
                        "boot_disk_size_gb": 1000,
                        "boot_disk_type": "pd-standard",
                        "num_local_ssds": 0
                      }
                    ],
                    "image_uri": "https://www.googleapis.com/compute/v1/projects/cloud-dataproc/global/images/dataproc-2-0-deb10-20230415-165100-rc01",
                    "instance_names": [
                      "cluster-de-project-m"
                    ],
                    "machine_type": "n1-standard-4",
                    "min_cpu_platform": "AUTOMATIC",
                    "num_instances": 1
                  }
                ],
                "preemptible_worker_config": [
                  {
                    "disk_config": [
                      {
                        "boot_disk_size_gb": null,
                        "boot_disk_type": null,
                        "num_local_ssds": null
                      }
                    ],
                    "instance_names": [],
                    "num_instances": 0
                  }
                ],
                "security_config": [],
                "software_config": [
                  {
                    "image_version": "2.0.62-debian10",
                    "optional_components": [],
                    "override_properties": {
                      "dataproc:dataproc.allow.zero.workers": "true"
                    },
                    "properties": {
                      "capacity-scheduler:yarn.scheduler.capacity.root.default.ordering-policy": "fair",
                      "core:fs.gs.block.size": "134217728",
                      "core:fs.gs.metadata.cache.enable": "false",
                      "core:hadoop.ssl.enabled.protocols": "TLSv1,TLSv1.1,TLSv1.2",
                      "dataproc:dataproc.allow.zero.workers": "true",
                      "distcp:mapreduce.map.java.opts": "-Xmx768m",
                      "distcp:mapreduce.map.memory.mb": "1024",
                      "distcp:mapreduce.reduce.java.opts": "-Xmx768m",
                      "distcp:mapreduce.reduce.memory.mb": "1024",
                      "hadoop-env:HADOOP_DATANODE_OPTS": "-Xmx512m",
                      "hdfs:dfs.datanode.address": "0.0.0.0:9866",
                      "hdfs:dfs.datanode.http.address": "0.0.0.0:9864",
                      "hdfs:dfs.datanode.https.address": "0.0.0.0:9865",
                      "hdfs:dfs.datanode.ipc.address": "0.0.0.0:9867",
                      "hdfs:dfs.namenode.handler.count": "20",
                      "hdfs:dfs.namenode.http-address": "0.0.0.0:9870",
                      "hdfs:dfs.namenode.https-address": "0.0.0.0:9871",
                      "hdfs:dfs.namenode.lifeline.rpc-address": "cluster-de-project-m:8050",
                      "hdfs:dfs.namenode.secondary.http-address": "0.0.0.0:9868",
                      "hdfs:dfs.namenode.secondary.https-address": "0.0.0.0:9869",
                      "hdfs:dfs.namenode.service.handler.count": "10",
                      "hdfs:dfs.namenode.servicerpc-address": "cluster-de-project-m:8051",
                      "hive:hive.fetch.task.conversion": "none",
                      "mapred-env:HADOOP_JOB_HISTORYSERVER_HEAPSIZE": "3840",
                      "mapred:mapreduce.job.maps": "9",
                      "mapred:mapreduce.job.reduce.slowstart.completedmaps": "0.95",
                      "mapred:mapreduce.job.reduces": "3",
                      "mapred:mapreduce.jobhistory.recovery.store.class": "org.apache.hadoop.mapreduce.v2.hs.HistoryServerLeveldbStateStoreService",
                      "mapred:mapreduce.map.cpu.vcores": "1",
                      "mapred:mapreduce.map.java.opts": "-Xmx2524m",
                      "mapred:mapreduce.map.memory.mb": "3156",
                      "mapred:mapreduce.reduce.cpu.vcores": "1",
                      "mapred:mapreduce.reduce.java.opts": "-Xmx2524m",
                      "mapred:mapreduce.reduce.memory.mb": "3156",
                      "mapred:mapreduce.task.io.sort.mb": "256",
                      "mapred:yarn.app.mapreduce.am.command-opts": "-Xmx2524m",
                      "mapred:yarn.app.mapreduce.am.resource.cpu-vcores": "1",
                      "mapred:yarn.app.mapreduce.am.resource.mb": "3156",
                      "spark-env:SPARK_DAEMON_MEMORY": "3840m",
                      "spark:spark.driver.maxResultSize": "1920m",
                      "spark:spark.driver.memory": "3840m",
                      "spark:spark.executor.cores": "2",
                      "spark:spark.executor.instances": "2",
                      "spark:spark.executor.memory": "5739m",
                      "spark:spark.executorEnv.OPENBLAS_NUM_THREADS": "1",
                      "spark:spark.extraListeners": "com.google.cloud.spark.performance.DataprocMetricsListener",
                      "spark:spark.scheduler.mode": "FAIR",
                      "spark:spark.sql.cbo.enabled": "true",
                      "spark:spark.ui.port": "0",
                      "spark:spark.yarn.am.memory": "640m",
                      "yarn-env:YARN_NODEMANAGER_HEAPSIZE": "1536",
                      "yarn-env:YARN_RESOURCEMANAGER_HEAPSIZE": "3840",
                      "yarn-env:YARN_TIMELINESERVER_HEAPSIZE": "3840",
                      "yarn:yarn.nodemanager.address": "0.0.0.0:8026",
                      "yarn:yarn.nodemanager.resource.cpu-vcores": "4",
                      "yarn:yarn.nodemanager.resource.memory-mb": "12624",
                      "yarn:yarn.resourcemanager.nodemanager-graceful-decommission-timeout-secs": "86400",
                      "yarn:yarn.scheduler.maximum-allocation-mb": "12624",
                      "yarn:yarn.scheduler.minimum-allocation-mb": "1"
                    }
                  }
                ],
                "staging_bucket": "",
                "temp_bucket": "dataproc-temp-asia-east1-435369870700-nrbqytsw",
                "worker_config": [
                  {
                    "accelerators": [],
                    "disk_config": [
                      {
                        "boot_disk_size_gb": null,
                        "boot_disk_type": null,
                        "num_local_ssds": null
                      }
                    ],
                    "image_uri": "",
                    "instance_names": [],
                    "machine_type": "",
                    "min_cpu_platform": "",
                    "num_instances": 0
                  }
                ]
              }
            ],
            "graceful_decommission_timeout": "0s",
            "id": "projects/de-project-230419/regions/asia-east1/clusters/cluster-de-project",
            "labels": {
              "goog-dataproc-cluster-name": "cluster-de-project",
              "goog-dataproc-cluster-uuid": "96c5a2d0-bf7e-4f2d-b4ee-2fea7a536e85",
              "goog-dataproc-location": "asia-east1"
            },
            "name": "cluster-de-project",
            "project": "de-project-230419",
            "region": "asia-east1",
            "timeouts": null
          },
          "sensitive_attributes": [],
          "private": "eyJlMmJmYjczMC1lY2FhLTExZTYtOGY4OC0zNDM2M2JjN2M0YzAiOnsiY3JlYXRlIjoxMjAwMDAwMDAwMDAwLCJkZWxldGUiOjEyMDAwMDAwMDAwMDAsInVwZGF0ZSI6MTIwMDAwMDAwMDAwMH19",
          "dependencies": [
            "google_compute_network.vpc_network"
          ]
        }
      ]
    },
    {
      "mode": "managed",
      "type": "google_project_iam_binding",
      "name": "service_account",
      "provider": "provider[\"registry.terraform.io/hashicorp/google\"]",
      "instances": [
        {
          "index_key": "roles/bigquery.admin",
          "schema_version": 0,
          "attributes": {
            "condition": [],
            "etag": "BwX501KtojU=",
            "id": "de-project-230419/roles/bigquery.admin",
            "members": [
              "serviceAccount:sa-de-project@de-project-230419.iam.gserviceaccount.com"
            ],
            "project": "de-project-230419",
            "role": "roles/bigquery.admin"
          },
          "sensitive_attributes": [],
          "private": "bnVsbA==",
          "dependencies": [
            "google_service_account.service_account"
          ]
        },
        {
          "index_key": "roles/cloudsql.admin",
          "schema_version": 0,
          "attributes": {
            "condition": [],
            "etag": "BwX501KtojU=",
            "id": "de-project-230419/roles/cloudsql.admin",
            "members": [
              "serviceAccount:sa-de-project@de-project-230419.iam.gserviceaccount.com"
            ],
            "project": "de-project-230419",
            "role": "roles/cloudsql.admin"
          },
          "sensitive_attributes": [],
          "private": "bnVsbA==",
          "dependencies": [
            "google_service_account.service_account"
          ]
        },
        {
          "index_key": "roles/dataproc.admin",
          "schema_version": 0,
          "attributes": {
            "condition": [],
            "etag": "BwX501KtojU=",
            "id": "de-project-230419/roles/dataproc.admin",
            "members": [
              "serviceAccount:sa-de-project@de-project-230419.iam.gserviceaccount.com"
            ],
            "project": "de-project-230419",
            "role": "roles/dataproc.admin"
          },
          "sensitive_attributes": [],
          "private": "bnVsbA==",
          "dependencies": [
            "google_service_account.service_account"
          ]
        },
        {
          "index_key": "roles/datastore.owner",
          "schema_version": 0,
          "attributes": {
            "condition": [],
            "etag": "BwX501KtojU=",
            "id": "de-project-230419/roles/datastore.owner",
            "members": [
              "serviceAccount:sa-de-project@de-project-230419.iam.gserviceaccount.com"
            ],
            "project": "de-project-230419",
            "role": "roles/datastore.owner"
          },
          "sensitive_attributes": [],
          "private": "bnVsbA==",
          "dependencies": [
            "google_service_account.service_account"
          ]
        },
        {
          "index_key": "roles/storage.admin",
          "schema_version": 0,
          "attributes": {
            "condition": [],
            "etag": "BwX501KtojU=",
            "id": "de-project-230419/roles/storage.admin",
            "members": [
              "serviceAccount:sa-de-project@de-project-230419.iam.gserviceaccount.com"
            ],
            "project": "de-project-230419",
            "role": "roles/storage.admin"
          },
          "sensitive_attributes": [],
          "private": "bnVsbA==",
          "dependencies": [
            "google_service_account.service_account"
          ]
        }
      ]
    },
    {
      "mode": "managed",
      "type": "google_project_service",
      "name": "cloud_resource_manager",
      "provider": "provider[\"registry.terraform.io/hashicorp/google\"]",
      "instances": [
        {
          "schema_version": 0,
          "attributes": {
            "disable_dependent_services": true,
            "disable_on_destroy": true,
            "id": "de-project-230419/cloudresourcemanager.googleapis.com",
            "project": "de-project-230419",
            "service": "cloudresourcemanager.googleapis.com",
            "timeouts": null
          },
          "sensitive_attributes": [],
          "private": "eyJlMmJmYjczMC1lY2FhLTExZTYtOGY4OC0zNDM2M2JjN2M0YzAiOnsiY3JlYXRlIjoxMjAwMDAwMDAwMDAwLCJkZWxldGUiOjEyMDAwMDAwMDAwMDAsInJlYWQiOjYwMDAwMDAwMDAwMCwidXBkYXRlIjoxMjAwMDAwMDAwMDAwfX0="
        }
      ]
    },
    {
      "mode": "managed",
      "type": "google_project_service",
      "name": "compute",
      "provider": "provider[\"registry.terraform.io/hashicorp/google\"]",
      "instances": [
        {
          "schema_version": 0,
          "attributes": {
            "disable_dependent_services": true,
            "disable_on_destroy": true,
            "id": "de-project-230419/compute.googleapis.com",
            "project": "de-project-230419",
            "service": "compute.googleapis.com",
            "timeouts": null
          },
          "sensitive_attributes": [],
          "private": "eyJlMmJmYjczMC1lY2FhLTExZTYtOGY4OC0zNDM2M2JjN2M0YzAiOnsiY3JlYXRlIjoxMjAwMDAwMDAwMDAwLCJkZWxldGUiOjEyMDAwMDAwMDAwMDAsInJlYWQiOjYwMDAwMDAwMDAwMCwidXBkYXRlIjoxMjAwMDAwMDAwMDAwfX0="
        }
      ]
    },
    {
      "mode": "managed",
      "type": "google_project_service",
      "name": "dataproc",
      "provider": "provider[\"registry.terraform.io/hashicorp/google\"]",
      "instances": [
        {
          "schema_version": 0,
          "attributes": {
            "disable_dependent_services": true,
            "disable_on_destroy": true,
            "id": "de-project-230419/dataproc.googleapis.com",
            "project": "de-project-230419",
            "service": "dataproc.googleapis.com",
            "timeouts": null
          },
          "sensitive_attributes": [],
          "private": "eyJlMmJmYjczMC1lY2FhLTExZTYtOGY4OC0zNDM2M2JjN2M0YzAiOnsiY3JlYXRlIjoxMjAwMDAwMDAwMDAwLCJkZWxldGUiOjEyMDAwMDAwMDAwMDAsInJlYWQiOjYwMDAwMDAwMDAwMCwidXBkYXRlIjoxMjAwMDAwMDAwMDAwfX0="
        }
      ]
    },
    {
      "mode": "managed",
      "type": "google_service_account",
      "name": "service_account",
      "provider": "provider[\"registry.terraform.io/hashicorp/google\"]",
      "instances": [
        {
          "schema_version": 0,
          "attributes": {
            "account_id": "sa-de-project",
            "description": "",
            "disabled": false,
            "display_name": "Create service-account via terraform",
            "email": "sa-de-project@de-project-230419.iam.gserviceaccount.com",
            "id": "projects/de-project-230419/serviceAccounts/sa-de-project@de-project-230419.iam.gserviceaccount.com",
            "name": "projects/de-project-230419/serviceAccounts/sa-de-project@de-project-230419.iam.gserviceaccount.com",
            "project": "de-project-230419",
            "timeouts": null,
            "unique_id": "107810220690159568946"
          },
          "sensitive_attributes": [],
          "private": "eyJlMmJmYjczMC1lY2FhLTExZTYtOGY4OC0zNDM2M2JjN2M0YzAiOnsiY3JlYXRlIjozMDAwMDAwMDAwMDB9fQ=="
        }
      ]
    },
    {
      "mode": "managed",
      "type": "google_service_account_key",
      "name": "service_account_key",
      "provider": "provider[\"registry.terraform.io/hashicorp/google\"]",
      "instances": [
        {
          "schema_version": 0,
          "attributes": {
            "id": "projects/de-project-230419/serviceAccounts/sa-de-project@de-project-230419.iam.gserviceaccount.com/keys/5499f76938e10775da0871225fc59bc05eb51f12",
            "keepers": null,
            "key_algorithm": "KEY_ALG_RSA_2048",
            "name": "projects/de-project-230419/serviceAccounts/sa-de-project@de-project-230419.iam.gserviceaccount.com/keys/5499f76938e10775da0871225fc59bc05eb51f12",
            "private_key": "ewogICJ0eXBlIjogInNlcnZpY2VfYWNjb3VudCIsCiAgInByb2plY3RfaWQiOiAiZGUtcHJvamVjdC0yMzA0MTkiLAogICJwcml2YXRlX2tleV9pZCI6ICI1NDk5Zjc2OTM4ZTEwNzc1ZGEwODcxMjI1ZmM1OWJjMDVlYjUxZjEyIiwKICAicHJpdmF0ZV9rZXkiOiAiLS0tLS1CRUdJTiBQUklWQVRFIEtFWS0tLS0tXG5NSUlFdXdJQkFEQU5CZ2txaGtpRzl3MEJBUUVGQUFTQ0JLVXdnZ1NoQWdFQUFvSUJBUUN2cmNSL09HYnNjMWxTXG5yVXVnRW5sTXVMTThpT0hURmo1bWVQa0NKZnZUaVVoSFZKN2U1bVdRZ0E1SHp1dWl4MHlhZ091REdVZzg4L2FmXG5GUG56VHlMRmxvWCt1dm56aVl3d3RxdjlnYUdEUVpvMEgvcVdtYnExbitHSGdudHByYThvQjNnLzNZNTZLRzE4XG5nSmRqRE1KVU9PU0RwbHgvMUVUaC9qY2pvU2N2Tk96K2tyb1gwU24zS083cE51VG9BVU9iOG5Vc1VXS0grWEZEXG5EWTh4VHJ0YlY5U29zVlBTdHBFSTJ1RmVPd24zNmUwZzE3UG80OVluVEZueFRhNEwwcXFPK2hjMUFqdkRSb1VsXG5NRy9hbzAyWks0T0RTbVA0NFNOdjAyaGdhcTRlWVZ2U1g4MmpmUWZNdFk4NjgrS1lzd1Zrb3Fobi85OFRzdUxSXG5rUVZPNUFLUkFnTUJBQUVDZ2Y5ZnJZWkc3eDh6SmhVeFpWcE8zT2xDWUd6bDYvUkFwT3l0RnJQRHdyZmhlVFpsXG5COTkwZHhJODJyY2lPcFZwOHJjY2F4VWNaL3ZwM3RZKzByT3dKL0tSV3RsR0R2a2F2dm13QkJCQTFCTDdKczlwXG4rczRnSkxsM3dKSkl3cVVYZVE2bUc5M2cvcnNReXdtMFZxSG1mbC9OdG1mRXlBNTFPOVNPMS9OSkRuQ24rVU1PXG5LR1B6T0Vna0M4U1NKZ0xvRDMwWW9McnFVMlZCQVNYMnIyL2NmVnVaWUF1Sk1mVzRISmFqd1o2ODhrRnl4RnFzXG5nd2pzSmJ6QWg4Sml1VkhkKzVUK0YxWXNYbEw4c0NKUEZscE92ZHpFNi9ON043QnZsbDF1Y3V6Z0hMUWJLWGJmXG4rVWNxNzh1dFpnNVZwQXIrclNJTTVCZDc5S2JmUElzazl4Ujh6U0VDZ1lFQTNwT0FXem1jRFV6SVdiRWJwWVF3XG5TUmpjOUhnLzlWU0hLa0Y4UGFTaVcvTE9kVm81QXZXUFpkTTR4OHQ0bzlxY1BjSTlVZDlyQVhLZjcrODBkV2p3XG41Sjh1YVB5THFRM0lRNzc5MVBRMnJvOENMNTAzZzhXdnpRdXhXbllaVDNlSkZSQnVvZEozczFEaktPT3FENmdGXG4zOG5PSDhMTk9xZVFlenY3WmdOM3YvRUNnWUVBeWc5amt0a3lmbVlkNXJyb2xjeE9tMjgvSERTR0xKMkF2MHRkXG55YWhOTVZZUzRoSG02RjVIOENHTHRkZFNxcTNubXZxUUhsUnhSWVdZdUtnZCtsbGFTaUp1RjZOWlJ6MkRUTWNpXG55cS93dnRaNFZkN2tCb1RqT0pSOTRjS2FlZTZKbEpMMDhYUUMzZHRHa2pKNGFzTldUbkp2QzJ1WDAzczZTbFFVXG5BdUhsREtFQ2dZQVh6QTk2TVhPazNHUERhek00aENTaGZCNExxVnUxUUQ5ZlhqY0paRFBUdnVjaUZ1NW5pWmUyXG5YRm9DeXBkd2RXd2xFa0o2SVhnUVpKQURHRUUwbUc3QkV0L2thN1FHOUNsSVRRQllwMis5UkI4SXRqZDhTRU9lXG5tYlJ4cHBUWU1VQ2YxdXp0TWxLSUFvcjNFVGhhaWkxdW11WUY4VTcrQ1hKaUtxeWJZSjJLRVFLQmdEalNody8rXG40SUpIT1ZWdmJvVGh4YUZVY1l6L0FGUi9ubnN0T0p6REphSWdNSU0rd1k3TEpMUFUyek14OEY5ck5GeVM1Z0NCXG5nckVvVnNCbkZyY1dkWnV2ZndKS3Y0cVhNOXRkak4wdkNTYkJyV21JbXR0eWQydXI1cEtjWlZDdzBpUGtCOW4yXG40Kzk4QUthUVp1aXZNaEF4Z2lUV0J3WkQreXAzNW9EQkFlYkJBb0dCQU5CRjVQMGF2U1JCdUFvT08zaHlRcUlEXG5zbGh1RlZUS3QzV1pHT01tdnpOaC9ZRHpNY01qZ0RTRDMyTGdYbzBLMHRhcHV5aHZMSnRDRzRGcjVRUkdxb0lsXG5oVTBoQmpFQUdzOUx0Sm1nWlRTUGFGaTZiV1NRK3lrdHJ0SWp2bjRTYmdPYWs1U29zT1RMN3ZmWDE4K0dYVEdhXG5XS0dyWTJqaTZPVTQvK3A1M0tvdVxuLS0tLS1FTkQgUFJJVkFURSBLRVktLS0tLVxuIiwKICAiY2xpZW50X2VtYWlsIjogInNhLWRlLXByb2plY3RAZGUtcHJvamVjdC0yMzA0MTkuaWFtLmdzZXJ2aWNlYWNjb3VudC5jb20iLAogICJjbGllbnRfaWQiOiAiMTA3ODEwMjIwNjkwMTU5NTY4OTQ2IiwKICAiYXV0aF91cmkiOiAiaHR0cHM6Ly9hY2NvdW50cy5nb29nbGUuY29tL28vb2F1dGgyL2F1dGgiLAogICJ0b2tlbl91cmkiOiAiaHR0cHM6Ly9vYXV0aDIuZ29vZ2xlYXBpcy5jb20vdG9rZW4iLAogICJhdXRoX3Byb3ZpZGVyX3g1MDlfY2VydF91cmwiOiAiaHR0cHM6Ly93d3cuZ29vZ2xlYXBpcy5jb20vb2F1dGgyL3YxL2NlcnRzIiwKICAiY2xpZW50X3g1MDlfY2VydF91cmwiOiAiaHR0cHM6Ly93d3cuZ29vZ2xlYXBpcy5jb20vcm9ib3QvdjEvbWV0YWRhdGEveDUwOS9zYS1kZS1wcm9qZWN0JTQwZGUtcHJvamVjdC0yMzA0MTkuaWFtLmdzZXJ2aWNlYWNjb3VudC5jb20iCn0K",
            "private_key_type": "TYPE_GOOGLE_CREDENTIALS_FILE",
            "public_key": "LS0tLS1CRUdJTiBDRVJUSUZJQ0FURS0tLS0tCk1JSUMvRENDQWVTZ0F3SUJBZ0lJSjlPUWpnN0h6dDR3RFFZSktvWklodmNOQVFFRkJRQXdJREVlTUJ3R0ExVUUKQXhNVk1UQTNPREV3TWpJd05qa3dNVFU1TlRZNE9UUTJNQ0FYRFRJek1EUXhPVEV3TkRBeE5Gb1lEems1T1RreApNak14TWpNMU9UVTVXakFnTVI0d0hBWURWUVFERXhVeE1EYzRNVEF5TWpBMk9UQXhOVGsxTmpnNU5EWXdnZ0VpCk1BMEdDU3FHU0liM0RRRUJBUVVBQTRJQkR3QXdnZ0VLQW9JQkFRQ3ZyY1IvT0dic2MxbFNyVXVnRW5sTXVMTTgKaU9IVEZqNW1lUGtDSmZ2VGlVaEhWSjdlNW1XUWdBNUh6dXVpeDB5YWdPdURHVWc4OC9hZkZQbnpUeUxGbG9YKwp1dm56aVl3d3RxdjlnYUdEUVpvMEgvcVdtYnExbitHSGdudHByYThvQjNnLzNZNTZLRzE4Z0pkakRNSlVPT1NECnBseC8xRVRoL2pjam9TY3ZOT3ora3JvWDBTbjNLTzdwTnVUb0FVT2I4blVzVVdLSCtYRkREWTh4VHJ0YlY5U28Kc1ZQU3RwRUkydUZlT3duMzZlMGcxN1BvNDlZblRGbnhUYTRMMHFxTytoYzFBanZEUm9VbE1HL2FvMDJaSzRPRApTbVA0NFNOdjAyaGdhcTRlWVZ2U1g4MmpmUWZNdFk4NjgrS1lzd1Zrb3Fobi85OFRzdUxSa1FWTzVBS1JBZ01CCkFBR2pPREEyTUF3R0ExVWRFd0VCL3dRQ01BQXdEZ1lEVlIwUEFRSC9CQVFEQWdlQU1CWUdBMVVkSlFFQi93UU0KTUFvR0NDc0dBUVVGQndNQ01BMEdDU3FHU0liM0RRRUJCUVVBQTRJQkFRQUZNb09OenRvVXlLejdpTGdhRG9VMgpwR1B4NE54YkttTFN6cW4vVkt4WENjUytaNGFId281T1ZyZi9XSlBJd0R2bWJTUGJPYkViTjdleExxeFVPN05zCmw0OGYrNk1NZjVRNkI0VlN2RUg2ckptWUxiNkpPM3BsRFY3WVdydE1mbEdaM1ZnODZieDM3elAvQVVCQ3dscGcKa2NtVEhqSDg3eXZJQW14UVpvaTFHOXRVQWd0M1hrNnBFeVJnSE9FV0JwZTFvN1ZISGNxMUVONU9leFZFcmM0Vwo5RTU1ZSt2SEhkVkhqNkpkaFpMM21waW1QdlFZSUkzclFJeWx3NWtRcFdrZlBFQTFTZjZTMnUxMk5qajF1SkJrCjZMSmZBN1pEQ2hBVWgyZE96K3hqU05XRjBsYU9JemM5Vng5UXlGdmRueFg0VEsxSC9XdWF2NjBscVlVa2xUNjgKLS0tLS1FTkQgQ0VSVElGSUNBVEUtLS0tLQo=",
            "public_key_data": null,
            "public_key_type": "TYPE_X509_PEM_FILE",
            "service_account_id": "projects/de-project-230419/serviceAccounts/sa-de-project@de-project-230419.iam.gserviceaccount.com",
            "valid_after": "2023-04-19T10:40:14Z",
            "valid_before": "9999-12-31T23:59:59Z"
          },
          "sensitive_attributes": [],
          "private": "bnVsbA==",
          "dependencies": [
            "google_service_account.service_account"
          ]
        }
      ]
    },
    {
      "mode": "managed",
      "type": "google_storage_bucket",
      "name": "data-lake-bucket",
      "provider": "provider[\"registry.terraform.io/hashicorp/google\"]",
      "instances": [
        {
          "schema_version": 0,
          "attributes": {
            "cors": [],
            "default_event_based_hold": false,
            "encryption": [],
            "force_destroy": true,
            "id": "datalake_de-project-230419",
            "labels": {},
            "lifecycle_rule": [
              {
                "action": [
                  {
                    "storage_class": "",
                    "type": "Delete"
                  }
                ],
                "condition": [
                  {
                    "age": 30,
                    "created_before": "",
                    "custom_time_before": "",
                    "days_since_custom_time": 0,
                    "days_since_noncurrent_time": 0,
                    "matches_storage_class": [],
                    "noncurrent_time_before": "",
                    "num_newer_versions": 0,
                    "with_state": "ANY"
                  }
                ]
              }
            ],
            "location": "ASIA-EAST1",
            "logging": [],
            "name": "datalake_de-project-230419",
            "project": "de-project-230419",
            "requester_pays": false,
            "retention_policy": [],
            "self_link": "https://www.googleapis.com/storage/v1/b/datalake_de-project-230419",
            "storage_class": "STANDARD",
            "uniform_bucket_level_access": true,
            "url": "gs://datalake_de-project-230419",
            "versioning": [
              {
                "enabled": true
              }
            ],
            "website": []
          },
          "sensitive_attributes": [],
          "private": "bnVsbA=="
        }
      ]
    },
    {
      "mode": "managed",
      "type": "local_file",
      "name": "ssh_private_key_pem",
      "provider": "provider[\"registry.terraform.io/hashicorp/local\"]",
      "instances": [
        {
          "schema_version": 0,
          "attributes": {
            "content": "-----BEGIN RSA PRIVATE KEY-----\nMIIJJwIBAAKCAgEAwncciAf74Uc7Gwyq0UEPseMady+Ah34qE4GYT0MBJ5/nziRb\nlPnrApFFJNhiTWlf6aey4rmF4iLrwQGyiiqYanP2W6RHcRTmflo8/omynJr754AZ\nuNLAZhrRrxMYB9GmdgdngmOvLHXRPs7YUzXRF0N9vx/XDXZZE2/VOGU96CkVJW5h\nRBZH9cHvyZwuc59cMuj28RVSqaebNsCTe8eqDI7ZAop3FzI9JHOmuDZpuxR4twxJ\noqkbuCguK8PzuaEt69AR12nrR3YAVaUZbOx0wfVEl9pNoa7B29BiXZ00PQgbZpHe\nSEtYxuD8bc8DR8KTO9eZJncDhv24Jf/yOmVG33N4hbXoCRvmxnRqBbVkNAaEmwVZ\ntGTO25yb1nu8rJH1y+E8xTmKEVVzG+amxW4nbWmtmKpeo4xMkzkZPCNfeR+W54RZ\nwW5PDUGai+FBVQ9IyCzkOMlnxZndAAPhTT5HJyEErs7IlU19R7HgAZZTAgnEYt3C\nGIXWE8S4D9JFsd50HLfWroBr8yZW7i454IPqFORiWBP3drqGQAVvg8B0+jBhZtRI\nLZMw/JwKq712oV/n4wKVzI9FoD7LDmFI6oI61EIZljrOQfAu7u2natjtNAhPB08F\nlgRZYIQtnTD+XGaV1asuW459FS7CJyK/ql+ai644GWfnBmzr65z6XWDof7sCAwEA\nAQKCAgAyiE0rtBdp1N6xCrugoK15ZjBMZFWb39cDNpvjjN/R8iWEVcJOlhrRkfpL\ntsbkoss/pko/zEHUH4rvnodMjAELOJL+AVRnOC0lDEHpStLVCxkGcS0979X7MmDm\ng6ms7ne5F/d31HuCrCLxlUJ1bPimeO1GKvnxD53aBSd8/iH2ICbUkThJPxj37atn\n0mPnu7Nzr0HsJ8RRPbKBqc0pTxsLJFuT43NK3c0xmbPrDoivCoTL3C+OSy9ezWIi\nEUtWI2IRcwIP3gA7k5hGqR5QRamZdSib5ShjKUxK2H2XIfCfI2orXyBJ3Pp2w6QU\nzMRnc1JbLI0ph6es/mVJypahQgwGM9KjMqHyEcop8CwYVcpZ0E44M9ET/IH3S9wg\nhkd1O6m1ItQeAybCEhOEIM9CCpVVnNRsePFyxVfqx4dSIWGFprH4+m/TlmjAPXL7\n4hYs/HEtpF1w3xAPmcJ1OuIGetvXexHGZyJPwP0KLma94iSZxA24w2qo8NsfEzPa\nZtCDvuo3erc5YBPCN/4eaL0Xz2pzfWRpNvBdqO9TM6ysvLqG1pgzxPETiXhsUw58\nwxyP9XiCUwBhkTOAUuoj+GPtoUJ7YPwfg+vZAnLbfu00FJrvt2TvOtIsE9lYQ+5T\n2EeXMsztOGFjwnZkpJJHppDgNhI/PY8RZ7mFazhorFRJduqV4QKCAQEAxKXj+mZo\n8/A5Lp3u8YiwkmC3Hw20q8J/PpJrRFGtSpASBxWt+y2B5oeKQ6fXygcTEYUBOQk/\n7HG67EVmB6b09gKhICv7fb6/PY6W5e9OjZ256/LhzrKDq+BB5yRMDdtgY/CW4JQD\n2tY4WrEEiP8iWXDCQG8FECm0uEqXttgRcNd34Yee3SLXiVv06LSS2s/8EZjZ+gUE\nj6dWqd1WIIfiPVE/oOtaPC5fS3qWcoSclE0Vhg4cNmg0corNPbr+eB3+DG0q+sWV\nPcMT8YFax2wEjfpAxphLSkKA7VbYxDH2WHrpq9be8BDWD/d7lAofFp9IQCTOteri\nXhXE7NlZydE1QwKCAQEA/SiSMzTUgKZvDXxZmbJUuTK0Vjz4NoIv2CNEwfxlmhdG\nhC3fbLWnQw/p9inoaYo1F4TmffY9MKK2ZUS76VZ1ycyPj/iHSBOd/A+qOZ0FPAk/\nLPasNHK28ZgZ/+MyPcPM41yls5GTHKfqCe8JbOVMLpsMcGqr3UZkqm7jXhkEOJvL\n0SCMv0I398U2UeJ+zvq52gi9Rt6vPTm0Xm3S7cZBsTxuzBurGvEXBiQIpD9UKlTJ\nC1OEq2f+9TEmEqEpvodQ4ZcgLZ0mTcRdzJsmMuQfieUTgH+1PtVNAVGdVPc37h1T\no/deQX2q23aTfjnRDP7pXAB8ppOWzai5ofRAPhGoKQKCAQBXpLwUCPqz5hgGP9uU\nCODxjGtxSrGAb+I4aBeozmJWvhla0P3G2gRwU257Mt5JK5gDEe12lznHTvUJgvCz\nbmT1FDzt0sx2wcIIVHnKpzqygV6w24JqlkN7IisdMp82+dRfFoaYNz/0k89wFD86\nM8QCavAYuaJfDsd977johCpZyZ6jhMd4NaQskzB3WqutHE9zJFXaScw7nlBQytYt\nD4L04zZhqSOBeQV95XgSOCp1Klnycm1+jjj56AULg0ERFgT5Utp6A/+9FCnaVFW6\nVdk90hB2sr+zrCo8HZ3k64Oo8bcdoFmiU06ktR993nj2oy0XcZAzoikb18X57fFH\nspdzAoIBAGOyI4k45+rWIGvOKbcGbKkWV8CSeCl3MYJLuVsvm4+IVQPe0NsN2pXl\nYXzI2jcd73SYqPC4FTbfDTdqTxpAK1jST0MiW5w95XyLar0Poi0XcyKw7fYlqvgP\nr0V/YpzCTCDJrpO945JoahmJYkvZLRw5gTeQOqiEfUZFLxMyhOAKMsTjranwWPwh\nVRgAO3IleSVtRaTwM1DINcjuNR/gcKRsqTGGP+b3RNrtO9369plJFHd6Z4fdB6Hl\nvhmeEENxJKAClPCBr8D2cP4Pp4ZpIiZ66Sg0otrgw1eenXgFd6g1MmgjFaJy6+NL\nmiAegr48cQgDRROQkdXh+WDXQKlw6KkCggEALZtM8FOGV3M/jsrS4fI3ALJAVu7R\nQ69afQC5T2jfRegxOZttPtaWqNmlA5rldtsvtpzobIKKN61FB6NmvFNyWo4n2Jvu\nSqYPWeUeQ2CmjvQdMtbBjWUv31QWjdMpXNGcHQMM8Dqg4PdARAFuEFEqSD9VEJKJ\nc3UManETzq3cRsYL3UayTd46EXeZXGpNhFEPmMdvdwz+p2ZXw2FQYicbVVdrAy7J\n4+jvajlklnblL0Yu54RqH8Z92G2n2c4YdxYfe9ByZ1HGmvUkg1A6RvT713AzRSqi\nLNfZGRHAioMRrwS9oSTf5iB+KnE4MSEY/K4CIm46OFgxZK2zkjG5B/3Kww==\n-----END RSA PRIVATE KEY-----\n",
            "content_base64": null,
            "content_base64sha256": "V0VCcsMPfPnMNiyfrq1C2Ibf8YnoWFWLCNh35/gBCL0=",
            "content_base64sha512": "i3hHb0TUDbUqNcRKHidmeFShajB5Tz8wvnVgWrkXdfojFpEAzZW2uwjboMPwpRO0l5lD/iorytR24cOvdXZxYg==",
            "content_md5": "5c089ccbe9c5848bde98f3d549fda625",
            "content_sha1": "c912da061b84a369fdcd8df60981e38c2d832a90",
            "content_sha256": "57454272c30f7cf9cc362c9faead42d886dff189e858558b08d877e7f80108bd",
            "content_sha512": "8b78476f44d40db52a35c44a1e27667854a16a30794f3f30be75605ab91775fa23169100cd95b6bb08dba0c3f0a513b4979943fe2a2bcad476e1c3af75767162",
            "directory_permission": "0777",
            "file_permission": "0600",
            "filename": "../../ssh/de-project",
            "id": "c912da061b84a369fdcd8df60981e38c2d832a90",
            "sensitive_content": null,
            "source": null
          },
          "sensitive_attributes": [
            [
              {
                "type": "get_attr",
                "value": "content"
              }
            ]
          ],
          "dependencies": [
            "tls_private_key.ssh"
          ]
        }
      ]
    },
    {
      "mode": "managed",
      "type": "tls_private_key",
      "name": "ssh",
      "provider": "provider[\"registry.terraform.io/hashicorp/tls\"]",
      "instances": [
        {
          "schema_version": 0,
          "attributes": {
            "algorithm": "RSA",
            "ecdsa_curve": "P224",
            "id": "38b9e82037bd7d28ee04420d9eb27db4c3f7230e",
            "private_key_pem": "-----BEGIN RSA PRIVATE KEY-----\nMIIJJwIBAAKCAgEAwncciAf74Uc7Gwyq0UEPseMady+Ah34qE4GYT0MBJ5/nziRb\nlPnrApFFJNhiTWlf6aey4rmF4iLrwQGyiiqYanP2W6RHcRTmflo8/omynJr754AZ\nuNLAZhrRrxMYB9GmdgdngmOvLHXRPs7YUzXRF0N9vx/XDXZZE2/VOGU96CkVJW5h\nRBZH9cHvyZwuc59cMuj28RVSqaebNsCTe8eqDI7ZAop3FzI9JHOmuDZpuxR4twxJ\noqkbuCguK8PzuaEt69AR12nrR3YAVaUZbOx0wfVEl9pNoa7B29BiXZ00PQgbZpHe\nSEtYxuD8bc8DR8KTO9eZJncDhv24Jf/yOmVG33N4hbXoCRvmxnRqBbVkNAaEmwVZ\ntGTO25yb1nu8rJH1y+E8xTmKEVVzG+amxW4nbWmtmKpeo4xMkzkZPCNfeR+W54RZ\nwW5PDUGai+FBVQ9IyCzkOMlnxZndAAPhTT5HJyEErs7IlU19R7HgAZZTAgnEYt3C\nGIXWE8S4D9JFsd50HLfWroBr8yZW7i454IPqFORiWBP3drqGQAVvg8B0+jBhZtRI\nLZMw/JwKq712oV/n4wKVzI9FoD7LDmFI6oI61EIZljrOQfAu7u2natjtNAhPB08F\nlgRZYIQtnTD+XGaV1asuW459FS7CJyK/ql+ai644GWfnBmzr65z6XWDof7sCAwEA\nAQKCAgAyiE0rtBdp1N6xCrugoK15ZjBMZFWb39cDNpvjjN/R8iWEVcJOlhrRkfpL\ntsbkoss/pko/zEHUH4rvnodMjAELOJL+AVRnOC0lDEHpStLVCxkGcS0979X7MmDm\ng6ms7ne5F/d31HuCrCLxlUJ1bPimeO1GKvnxD53aBSd8/iH2ICbUkThJPxj37atn\n0mPnu7Nzr0HsJ8RRPbKBqc0pTxsLJFuT43NK3c0xmbPrDoivCoTL3C+OSy9ezWIi\nEUtWI2IRcwIP3gA7k5hGqR5QRamZdSib5ShjKUxK2H2XIfCfI2orXyBJ3Pp2w6QU\nzMRnc1JbLI0ph6es/mVJypahQgwGM9KjMqHyEcop8CwYVcpZ0E44M9ET/IH3S9wg\nhkd1O6m1ItQeAybCEhOEIM9CCpVVnNRsePFyxVfqx4dSIWGFprH4+m/TlmjAPXL7\n4hYs/HEtpF1w3xAPmcJ1OuIGetvXexHGZyJPwP0KLma94iSZxA24w2qo8NsfEzPa\nZtCDvuo3erc5YBPCN/4eaL0Xz2pzfWRpNvBdqO9TM6ysvLqG1pgzxPETiXhsUw58\nwxyP9XiCUwBhkTOAUuoj+GPtoUJ7YPwfg+vZAnLbfu00FJrvt2TvOtIsE9lYQ+5T\n2EeXMsztOGFjwnZkpJJHppDgNhI/PY8RZ7mFazhorFRJduqV4QKCAQEAxKXj+mZo\n8/A5Lp3u8YiwkmC3Hw20q8J/PpJrRFGtSpASBxWt+y2B5oeKQ6fXygcTEYUBOQk/\n7HG67EVmB6b09gKhICv7fb6/PY6W5e9OjZ256/LhzrKDq+BB5yRMDdtgY/CW4JQD\n2tY4WrEEiP8iWXDCQG8FECm0uEqXttgRcNd34Yee3SLXiVv06LSS2s/8EZjZ+gUE\nj6dWqd1WIIfiPVE/oOtaPC5fS3qWcoSclE0Vhg4cNmg0corNPbr+eB3+DG0q+sWV\nPcMT8YFax2wEjfpAxphLSkKA7VbYxDH2WHrpq9be8BDWD/d7lAofFp9IQCTOteri\nXhXE7NlZydE1QwKCAQEA/SiSMzTUgKZvDXxZmbJUuTK0Vjz4NoIv2CNEwfxlmhdG\nhC3fbLWnQw/p9inoaYo1F4TmffY9MKK2ZUS76VZ1ycyPj/iHSBOd/A+qOZ0FPAk/\nLPasNHK28ZgZ/+MyPcPM41yls5GTHKfqCe8JbOVMLpsMcGqr3UZkqm7jXhkEOJvL\n0SCMv0I398U2UeJ+zvq52gi9Rt6vPTm0Xm3S7cZBsTxuzBurGvEXBiQIpD9UKlTJ\nC1OEq2f+9TEmEqEpvodQ4ZcgLZ0mTcRdzJsmMuQfieUTgH+1PtVNAVGdVPc37h1T\no/deQX2q23aTfjnRDP7pXAB8ppOWzai5ofRAPhGoKQKCAQBXpLwUCPqz5hgGP9uU\nCODxjGtxSrGAb+I4aBeozmJWvhla0P3G2gRwU257Mt5JK5gDEe12lznHTvUJgvCz\nbmT1FDzt0sx2wcIIVHnKpzqygV6w24JqlkN7IisdMp82+dRfFoaYNz/0k89wFD86\nM8QCavAYuaJfDsd977johCpZyZ6jhMd4NaQskzB3WqutHE9zJFXaScw7nlBQytYt\nD4L04zZhqSOBeQV95XgSOCp1Klnycm1+jjj56AULg0ERFgT5Utp6A/+9FCnaVFW6\nVdk90hB2sr+zrCo8HZ3k64Oo8bcdoFmiU06ktR993nj2oy0XcZAzoikb18X57fFH\nspdzAoIBAGOyI4k45+rWIGvOKbcGbKkWV8CSeCl3MYJLuVsvm4+IVQPe0NsN2pXl\nYXzI2jcd73SYqPC4FTbfDTdqTxpAK1jST0MiW5w95XyLar0Poi0XcyKw7fYlqvgP\nr0V/YpzCTCDJrpO945JoahmJYkvZLRw5gTeQOqiEfUZFLxMyhOAKMsTjranwWPwh\nVRgAO3IleSVtRaTwM1DINcjuNR/gcKRsqTGGP+b3RNrtO9369plJFHd6Z4fdB6Hl\nvhmeEENxJKAClPCBr8D2cP4Pp4ZpIiZ66Sg0otrgw1eenXgFd6g1MmgjFaJy6+NL\nmiAegr48cQgDRROQkdXh+WDXQKlw6KkCggEALZtM8FOGV3M/jsrS4fI3ALJAVu7R\nQ69afQC5T2jfRegxOZttPtaWqNmlA5rldtsvtpzobIKKN61FB6NmvFNyWo4n2Jvu\nSqYPWeUeQ2CmjvQdMtbBjWUv31QWjdMpXNGcHQMM8Dqg4PdARAFuEFEqSD9VEJKJ\nc3UManETzq3cRsYL3UayTd46EXeZXGpNhFEPmMdvdwz+p2ZXw2FQYicbVVdrAy7J\n4+jvajlklnblL0Yu54RqH8Z92G2n2c4YdxYfe9ByZ1HGmvUkg1A6RvT713AzRSqi\nLNfZGRHAioMRrwS9oSTf5iB+KnE4MSEY/K4CIm46OFgxZK2zkjG5B/3Kww==\n-----END RSA PRIVATE KEY-----\n",
            "public_key_fingerprint_md5": "50:14:90:ad:4c:40:d2:4c:48:db:af:f6:77:fa:6a:c7",
            "public_key_openssh": "ssh-rsa AAAAB3NzaC1yc2EAAAADAQABAAACAQDCdxyIB/vhRzsbDKrRQQ+x4xp3L4CHfioTgZhPQwEnn+fOJFuU+esCkUUk2GJNaV/pp7LiuYXiIuvBAbKKKphqc/ZbpEdxFOZ+Wjz+ibKcmvvngBm40sBmGtGvExgH0aZ2B2eCY68sddE+zthTNdEXQ32/H9cNdlkTb9U4ZT3oKRUlbmFEFkf1we/JnC5zn1wy6PbxFVKpp5s2wJN7x6oMjtkCincXMj0kc6a4Nmm7FHi3DEmiqRu4KC4rw/O5oS3r0BHXaetHdgBVpRls7HTB9USX2k2hrsHb0GJdnTQ9CBtmkd5IS1jG4PxtzwNHwpM715kmdwOG/bgl//I6ZUbfc3iFtegJG+bGdGoFtWQ0BoSbBVm0ZM7bnJvWe7yskfXL4TzFOYoRVXMb5qbFbidtaa2Yql6jjEyTORk8I195H5bnhFnBbk8NQZqL4UFVD0jILOQ4yWfFmd0AA+FNPkcnIQSuzsiVTX1HseABllMCCcRi3cIYhdYTxLgP0kWx3nQct9augGvzJlbuLjngg+oU5GJYE/d2uoZABW+DwHT6MGFm1EgtkzD8nAqrvXahX+fjApXMj0WgPssOYUjqgjrUQhmWOs5B8C7u7adq2O00CE8HTwWWBFlghC2dMP5cZpXVqy5bjn0VLsInIr+qX5qLrjgZZ+cGbOvrnPpdYOh/uw==\n",
            "public_key_pem": "-----BEGIN PUBLIC KEY-----\nMIICIjANBgkqhkiG9w0BAQEFAAOCAg8AMIICCgKCAgEAwncciAf74Uc7Gwyq0UEP\nseMady+Ah34qE4GYT0MBJ5/nziRblPnrApFFJNhiTWlf6aey4rmF4iLrwQGyiiqY\nanP2W6RHcRTmflo8/omynJr754AZuNLAZhrRrxMYB9GmdgdngmOvLHXRPs7YUzXR\nF0N9vx/XDXZZE2/VOGU96CkVJW5hRBZH9cHvyZwuc59cMuj28RVSqaebNsCTe8eq\nDI7ZAop3FzI9JHOmuDZpuxR4twxJoqkbuCguK8PzuaEt69AR12nrR3YAVaUZbOx0\nwfVEl9pNoa7B29BiXZ00PQgbZpHeSEtYxuD8bc8DR8KTO9eZJncDhv24Jf/yOmVG\n33N4hbXoCRvmxnRqBbVkNAaEmwVZtGTO25yb1nu8rJH1y+E8xTmKEVVzG+amxW4n\nbWmtmKpeo4xMkzkZPCNfeR+W54RZwW5PDUGai+FBVQ9IyCzkOMlnxZndAAPhTT5H\nJyEErs7IlU19R7HgAZZTAgnEYt3CGIXWE8S4D9JFsd50HLfWroBr8yZW7i454IPq\nFORiWBP3drqGQAVvg8B0+jBhZtRILZMw/JwKq712oV/n4wKVzI9FoD7LDmFI6oI6\n1EIZljrOQfAu7u2natjtNAhPB08FlgRZYIQtnTD+XGaV1asuW459FS7CJyK/ql+a\ni644GWfnBmzr65z6XWDof7sCAwEAAQ==\n-----END PUBLIC KEY-----\n",
            "rsa_bits": 4096
          },
          "sensitive_attributes": [],
          "private": "bnVsbA=="
        }
      ]
    }
  ],
  "check_results": null
}
